
Microsoft Visual Studio Solution File, Format Version 11.00
# Visual Studio 2010
Project("{FAE04EC0-301F-11D3-BF4B-00C04F79EFBC}") = "Echo.Net", "Echo.Net\Echo.Net.csproj", "{8027CBBF-9A6B-43D4-97DF-407FC2DB51FD}"
EndProject
Project("{FAE04EC0-301F-11D3-BF4B-00C04F79EFBC}") = "Echo.Net.Server", "Echo.Net.Server\Echo.Net.Server.csproj", "{C9C74264-ABD1-4447-985D-71BE973E1259}"
EndProject
Project("{FAE04EC0-301F-11D3-BF4B-00C04F79EFBC}") = "Echo.Net.Common", "Echo.Net.Common\Echo.Net.Common.csproj", "{26195A9B-E8EA-4FC2-9695-EE14ED58DA3D}"
EndProject
Global
	GlobalSection(SolutionConfigurationPlatforms) = preSolution
		Debug|Any CPU = Debug|Any CPU
		Debug|Mixed Platforms = Debug|Mixed Platforms
		Debug|x86 = Debug|x86
		Release|Any CPU = Release|Any CPU
		Release|Mixed Platforms = Release|Mixed Platforms
		Release|x86 = Release|x86
	EndGlobalSection
	GlobalSection(ProjectConfigurationPlatforms) = postSolution
		{8027CBBF-9A6B-43D4-97DF-407FC2DB51FD}.Debug|Any CPU.ActiveCfg = Debug|x86
		{8027CBBF-9A6B-43D4-97DF-407FC2DB51FD}.Debug|Mixed Platforms.ActiveCfg = Debug|x86
		{8027CBBF-9A6B-43D4-97DF-407FC2DB51FD}.Debug|Mixed Platforms.Build.0 = Debug|x86
		{8027CBBF-9A6B-43D4-97DF-407FC2DB51FD}.Debug|x86.ActiveCfg = Debug|x86
		{8027CBBF-9A6B-43D4-97DF-407FC2DB51FD}.Debug|x86.Build.0 = Debug|x86
		{8027CBBF-9A6B-43D4-97DF-407FC2DB51FD}.Release|Any CPU.ActiveCfg = Release|x86
		{8027CBBF-9A6B-43D4-97DF-407FC2DB51FD}.Release|Mixed Platforms.ActiveCfg = Release|x86
		{8027CBBF-9A6B-43D4-97DF-407FC2DB51FD}.Release|Mixed Platforms.Build.0 = Release|x86
		{8027CBBF-9A6B-43D4-97DF-407FC2DB51FD}.Release|x86.ActiveCfg = Release|x86
		{8027CBBF-9A6B-43D4-97DF-407FC2DB51FD}.Release|x86.Build.0 = Release|x86
		{C9C74264-ABD1-4447-985D-71BE973E1259}.Debug|Any CPU.ActiveCfg = Debug|x86
		{C9C74264-ABD1-4447-985D-71BE973E1259}.Debug|Mixed Platforms.ActiveCfg = Debug|x86
		{C9C74264-ABD1-4447-985D-71BE973E1259}.Debug|Mixed Platforms.Build.0 = Debug|x86
		{C9C74264-ABD1-4447-985D-71BE973E1259}.Debug|x86.ActiveCfg = Debug|x86
		{C9C74264-ABD1-4447-985D-71BE973E1259}.Debug|x86.Build.0 = Debug|x86
		{C9C74264-ABD1-4447-985D-71BE973E1259}.Release|Any CPU.ActiveCfg = Release|x86
		{C9C74264-ABD1-4447-985D-71BE973E1259}.Release|Mixed Platforms.ActiveCfg = Release|x86
		{C9C74264-ABD1-4447-985D-71BE973E1259}.Release|Mixed Platforms.Build.0 = Release|x86
		{C9C74264-ABD1-4447-985D-71BE973E1259}.Release|x86.ActiveCfg = Release|x86
		{C9C74264-ABD1-4447-985D-71BE973E1259}.Release|x86.Build.0 = Release|x86
		{26195A9B-E8EA-4FC2-9695-EE14ED58DA3D}.Debug|Any CPU.ActiveCfg = Debug|Any CPU
		{26195A9B-E8EA-4FC2-9695-EE14ED58DA3D}.Debug|Any CPU.Build.0 = Debug|Any CPU
		{26195A9B-E8EA-4FC2-9695-EE14ED58DA3D}.Debug|Mixed Platforms.ActiveCfg = Debug|Any CPU
		{26195A9B-E8EA-4FC2-9695-EE14ED58DA3D}.Debug|Mixed Platforms.Build.0 = Debug|Any CPU
		{26195A9B-E8EA-4FC2-9695-EE14ED58DA3D}.Debug|x86.ActiveCfg = Debug|Any CPU
		{26195A9B-E8EA-4FC2-9695-EE14ED58DA3D}.Release|Any CPU.ActiveCfg = Release|Any CPU
		{26195A9B-E8EA-4FC2-9695-EE14ED58DA3D}.Release|Any CPU.Build.0 = Release|Any CPU
		{26195A9B-E8EA-4FC2-9695-EE14ED58DA3D}.Release|Mixed Platforms.ActiveCfg = Release|Any CPU
		{26195A9B-E8EA-4FC2-9695-EE14ED58DA3D}.Release|Mixed Platforms.Build.0 = Release|Any CPU
		{26195A9B-E8EA-4FC2-9695-EE14ED58DA3D}.Release|x86.ActiveCfg = Release|Any CPU
	EndGlobalSection
	GlobalSection(SolutionProperties) = preSolution
		HideSolutionNode = FALSE
	EndGlobalSection
EndGlobal
